// !$*UTF8*$!
{
	archiveVersion = 1;
	classes = {
	};
	objectVersion = 48;
	objects = {

/* Begin PBXBuildFile section */
		70FDB0AD20301CA200A9C55A /* AppDelegate.swift in Sources */ = {isa = PBXBuildFile; fileRef = 70FDB0AC20301CA200A9C55A /* AppDelegate.swift */; };
		70FDB0AF20301CA200A9C55A /* ViewController.swift in Sources */ = {isa = PBXBuildFile; fileRef = 70FDB0AE20301CA200A9C55A /* ViewController.swift */; };
		70FDB0B220301CA200A9C55A /* Main.storyboard in Resources */ = {isa = PBXBuildFile; fileRef = 70FDB0B020301CA200A9C55A /* Main.storyboard */; };
		70FDB0B420301CA200A9C55A /* Assets.xcassets in Resources */ = {isa = PBXBuildFile; fileRef = 70FDB0B320301CA200A9C55A /* Assets.xcassets */; };
		70FDB0B720301CA200A9C55A /* LaunchScreen.storyboard in Resources */ = {isa = PBXBuildFile; fileRef = 70FDB0B520301CA200A9C55A /* LaunchScreen.storyboard */; };
		70FDB0C220301CA200A9C55A /* AqimAlsalat2Tests.swift in Sources */ = {isa = PBXBuildFile; fileRef = 70FDB0C120301CA200A9C55A /* AqimAlsalat2Tests.swift */; };
		70FDB0CD20301CA200A9C55A /* AqimAlsalat2UITests.swift in Sources */ = {isa = PBXBuildFile; fileRef = 70FDB0CC20301CA200A9C55A /* AqimAlsalat2UITests.swift */; };
		754DE4B0ABFC92BAA10D267E /* Pods_AqimAlsalat2.framework in Frameworks */ = {isa = PBXBuildFile; fileRef = 178D86218D6194EB85222984 /* Pods_AqimAlsalat2.framework */; };
		AB3F988148AC480358683AE2 /* Pods_AqimAlsalat2Tests.framework in Frameworks */ = {isa = PBXBuildFile; fileRef = 0FD3BB3748F2C1797AE928E2 /* Pods_AqimAlsalat2Tests.framework */; };
		B2F5F35309B5A2A653481860 /* Pods_AqimAlsalat2UITests.framework in Frameworks */ = {isa = PBXBuildFile; fileRef = A42FC6EAD2AD7AB74EFDEFF7 /* Pods_AqimAlsalat2UITests.framework */; };
/* End PBXBuildFile section */

/* Begin PBXContainerItemProxy section */
		70FDB0BE20301CA200A9C55A /* PBXContainerItemProxy */ = {
			isa = PBXContainerItemProxy;
			containerPortal = 70FDB0A120301CA200A9C55A /* Project object */;
			proxyType = 1;
			remoteGlobalIDString = 70FDB0A820301CA200A9C55A;
			remoteInfo = AqimAlsalat2;
		};
		70FDB0C920301CA200A9C55A /* PBXContainerItemProxy */ = {
			isa = PBXContainerItemProxy;
			containerPortal = 70FDB0A120301CA200A9C55A /* Project object */;
			proxyType = 1;
			remoteGlobalIDString = 70FDB0A820301CA200A9C55A;
			remoteInfo = AqimAlsalat2;
		};
/* End PBXContainerItemProxy section */

/* Begin PBXFileReference section */
		0A9D5E3284C28C9FA0CBBA68 /* Pods-AqimAlsalat2UITests.release.xcconfig */ = {isa = PBXFileReference; includeInIndex = 1; lastKnownFileType = text.xcconfig; name = "Pods-AqimAlsalat2UITests.release.xcconfig"; path = "Pods/Target Support Files/Pods-AqimAlsalat2UITests/Pods-AqimAlsalat2UITests.release.xcconfig"; sourceTree = "<group>"; };
		0FD3BB3748F2C1797AE928E2 /* Pods_AqimAlsalat2Tests.framework */ = {isa = PBXFileReference; explicitFileType = wrapper.framework; includeInIndex = 0; path = Pods_AqimAlsalat2Tests.framework; sourceTree = BUILT_PRODUCTS_DIR; };
		178D86218D6194EB85222984 /* Pods_AqimAlsalat2.framework */ = {isa = PBXFileReference; explicitFileType = wrapper.framework; includeInIndex = 0; path = Pods_AqimAlsalat2.framework; sourceTree = BUILT_PRODUCTS_DIR; };
		2399E5B29B8CF632CBF096E8 /* Pods-AqimAlsalat2Tests.debug.xcconfig */ = {isa = PBXFileReference; includeInIndex = 1; lastKnownFileType = text.xcconfig; name = "Pods-AqimAlsalat2Tests.debug.xcconfig"; path = "Pods/Target Support Files/Pods-AqimAlsalat2Tests/Pods-AqimAlsalat2Tests.debug.xcconfig"; sourceTree = "<group>"; };
		70FDB0A920301CA200A9C55A /* AqimAlsalat2.app */ = {isa = PBXFileReference; explicitFileType = wrapper.application; includeInIndex = 0; path = AqimAlsalat2.app; sourceTree = BUILT_PRODUCTS_DIR; };
		70FDB0AC20301CA200A9C55A /* AppDelegate.swift */ = {isa = PBXFileReference; lastKnownFileType = sourcecode.swift; path = AppDelegate.swift; sourceTree = "<group>"; };
		70FDB0AE20301CA200A9C55A /* ViewController.swift */ = {isa = PBXFileReference; lastKnownFileType = sourcecode.swift; path = ViewController.swift; sourceTree = "<group>"; };
		70FDB0B120301CA200A9C55A /* Base */ = {isa = PBXFileReference; lastKnownFileType = file.storyboard; name = Base; path = Base.lproj/Main.storyboard; sourceTree = "<group>"; };
		70FDB0B320301CA200A9C55A /* Assets.xcassets */ = {isa = PBXFileReference; lastKnownFileType = folder.assetcatalog; path = Assets.xcassets; sourceTree = "<group>"; };
		70FDB0B620301CA200A9C55A /* Base */ = {isa = PBXFileReference; lastKnownFileType = file.storyboard; name = Base; path = Base.lproj/LaunchScreen.storyboard; sourceTree = "<group>"; };
		70FDB0B820301CA200A9C55A /* Info.plist */ = {isa = PBXFileReference; lastKnownFileType = text.plist.xml; path = Info.plist; sourceTree = "<group>"; };
		70FDB0BD20301CA200A9C55A /* AqimAlsalat2Tests.xctest */ = {isa = PBXFileReference; explicitFileType = wrapper.cfbundle; includeInIndex = 0; path = AqimAlsalat2Tests.xctest; sourceTree = BUILT_PRODUCTS_DIR; };
		70FDB0C120301CA200A9C55A /* AqimAlsalat2Tests.swift */ = {isa = PBXFileReference; lastKnownFileType = sourcecode.swift; path = AqimAlsalat2Tests.swift; sourceTree = "<group>"; };
		70FDB0C320301CA200A9C55A /* Info.plist */ = {isa = PBXFileReference; lastKnownFileType = text.plist.xml; path = Info.plist; sourceTree = "<group>"; };
		70FDB0C820301CA200A9C55A /* AqimAlsalat2UITests.xctest */ = {isa = PBXFileReference; explicitFileType = wrapper.cfbundle; includeInIndex = 0; path = AqimAlsalat2UITests.xctest; sourceTree = BUILT_PRODUCTS_DIR; };
		70FDB0CC20301CA200A9C55A /* AqimAlsalat2UITests.swift */ = {isa = PBXFileReference; lastKnownFileType = sourcecode.swift; path = AqimAlsalat2UITests.swift; sourceTree = "<group>"; };
		70FDB0CE20301CA200A9C55A /* Info.plist */ = {isa = PBXFileReference; lastKnownFileType = text.plist.xml; path = Info.plist; sourceTree = "<group>"; };
		9358EECC224A47F2060AB025 /* Pods-AqimAlsalat2UITests.debug.xcconfig */ = {isa = PBXFileReference; includeInIndex = 1; lastKnownFileType = text.xcconfig; name = "Pods-AqimAlsalat2UITests.debug.xcconfig"; path = "Pods/Target Support Files/Pods-AqimAlsalat2UITests/Pods-AqimAlsalat2UITests.debug.xcconfig"; sourceTree = "<group>"; };
		95DCB3763AB2EC9794E904E2 /* Pods-AqimAlsalat2Tests.release.xcconfig */ = {isa = PBXFileReference; includeInIndex = 1; lastKnownFileType = text.xcconfig; name = "Pods-AqimAlsalat2Tests.release.xcconfig"; path = "Pods/Target Support Files/Pods-AqimAlsalat2Tests/Pods-AqimAlsalat2Tests.release.xcconfig"; sourceTree = "<group>"; };
		A42FC6EAD2AD7AB74EFDEFF7 /* Pods_AqimAlsalat2UITests.framework */ = {isa = PBXFileReference; explicitFileType = wrapper.framework; includeInIndex = 0; path = Pods_AqimAlsalat2UITests.framework; sourceTree = BUILT_PRODUCTS_DIR; };
		C7B8B026984C279A4A40F903 /* Pods-AqimAlsalat2.release.xcconfig */ = {isa = PBXFileReference; includeInIndex = 1; lastKnownFileType = text.xcconfig; name = "Pods-AqimAlsalat2.release.xcconfig"; path = "Pods/Target Support Files/Pods-AqimAlsalat2/Pods-AqimAlsalat2.release.xcconfig"; sourceTree = "<group>"; };
		E440181020301F5700B17AA2 /* Location1.gpx */ = {isa = PBXFileReference; lastKnownFileType = text.xml; path = Location1.gpx; sourceTree = "<group>"; };
		E604A3A3296588061742A502 /* Pods-AqimAlsalat2.debug.xcconfig */ = {isa = PBXFileReference; includeInIndex = 1; lastKnownFileType = text.xcconfig; name = "Pods-AqimAlsalat2.debug.xcconfig"; path = "Pods/Target Support Files/Pods-AqimAlsalat2/Pods-AqimAlsalat2.debug.xcconfig"; sourceTree = "<group>"; };
/* End PBXFileReference section */

/* Begin PBXFrameworksBuildPhase section */
		70FDB0A620301CA200A9C55A /* Frameworks */ = {
			isa = PBXFrameworksBuildPhase;
			buildActionMask = 2147483647;
			files = (
				754DE4B0ABFC92BAA10D267E /* Pods_AqimAlsalat2.framework in Frameworks */,
			);
			runOnlyForDeploymentPostprocessing = 0;
		};
		70FDB0BA20301CA200A9C55A /* Frameworks */ = {
			isa = PBXFrameworksBuildPhase;
			buildActionMask = 2147483647;
			files = (
				AB3F988148AC480358683AE2 /* Pods_AqimAlsalat2Tests.framework in Frameworks */,
			);
			runOnlyForDeploymentPostprocessing = 0;
		};
		70FDB0C520301CA200A9C55A /* Frameworks */ = {
			isa = PBXFrameworksBuildPhase;
			buildActionMask = 2147483647;
			files = (
				B2F5F35309B5A2A653481860 /* Pods_AqimAlsalat2UITests.framework in Frameworks */,
			);
			runOnlyForDeploymentPostprocessing = 0;
		};
/* End PBXFrameworksBuildPhase section */

/* Begin PBXGroup section */
		158883E3AC5DBDBA618C8BE3 /* Pods */ = {
			isa = PBXGroup;
			children = (
				E604A3A3296588061742A502 /* Pods-AqimAlsalat2.debug.xcconfig */,
				C7B8B026984C279A4A40F903 /* Pods-AqimAlsalat2.release.xcconfig */,
				2399E5B29B8CF632CBF096E8 /* Pods-AqimAlsalat2Tests.debug.xcconfig */,
				95DCB3763AB2EC9794E904E2 /* Pods-AqimAlsalat2Tests.release.xcconfig */,
				9358EECC224A47F2060AB025 /* Pods-AqimAlsalat2UITests.debug.xcconfig */,
				0A9D5E3284C28C9FA0CBBA68 /* Pods-AqimAlsalat2UITests.release.xcconfig */,
			);
			name = Pods;
			sourceTree = "<group>";
		};
		70FDB0A020301CA200A9C55A = {
			isa = PBXGroup;
			children = (
				70FDB0AB20301CA200A9C55A /* AqimAlsalat2 */,
				70FDB0C020301CA200A9C55A /* AqimAlsalat2Tests */,
				70FDB0CB20301CA200A9C55A /* AqimAlsalat2UITests */,
				70FDB0AA20301CA200A9C55A /* Products */,
				158883E3AC5DBDBA618C8BE3 /* Pods */,
				F9D6887785DFEE3AD23B5F0D /* Frameworks */,
			);
			sourceTree = "<group>";
		};
		70FDB0AA20301CA200A9C55A /* Products */ = {
			isa = PBXGroup;
			children = (
				70FDB0A920301CA200A9C55A /* AqimAlsalat2.app */,
				70FDB0BD20301CA200A9C55A /* AqimAlsalat2Tests.xctest */,
				70FDB0C820301CA200A9C55A /* AqimAlsalat2UITests.xctest */,
			);
			name = Products;
			sourceTree = "<group>";
		};
		70FDB0AB20301CA200A9C55A /* AqimAlsalat2 */ = {
			isa = PBXGroup;
			children = (
				70FDB0AC20301CA200A9C55A /* AppDelegate.swift */,
				70FDB0AE20301CA200A9C55A /* ViewController.swift */,
				70FDB0B020301CA200A9C55A /* Main.storyboard */,
				E440181020301F5700B17AA2 /* Location1.gpx */,
				70FDB0B320301CA200A9C55A /* Assets.xcassets */,
				70FDB0B520301CA200A9C55A /* LaunchScreen.storyboard */,
				70FDB0B820301CA200A9C55A /* Info.plist */,
			);
			path = AqimAlsalat2;
			sourceTree = "<group>";
		};
		70FDB0C020301CA200A9C55A /* AqimAlsalat2Tests */ = {
			isa = PBXGroup;
			children = (
				70FDB0C120301CA200A9C55A /* AqimAlsalat2Tests.swift */,
				70FDB0C320301CA200A9C55A /* Info.plist */,
			);
			path = AqimAlsalat2Tests;
			sourceTree = "<group>";
		};
		70FDB0CB20301CA200A9C55A /* AqimAlsalat2UITests */ = {
			isa = PBXGroup;
			children = (
				70FDB0CC20301CA200A9C55A /* AqimAlsalat2UITests.swift */,
				70FDB0CE20301CA200A9C55A /* Info.plist */,
			);
			path = AqimAlsalat2UITests;
			sourceTree = "<group>";
		};
		F9D6887785DFEE3AD23B5F0D /* Frameworks */ = {
			isa = PBXGroup;
			children = (
				178D86218D6194EB85222984 /* Pods_AqimAlsalat2.framework */,
				0FD3BB3748F2C1797AE928E2 /* Pods_AqimAlsalat2Tests.framework */,
				A42FC6EAD2AD7AB74EFDEFF7 /* Pods_AqimAlsalat2UITests.framework */,
			);
			name = Frameworks;
			sourceTree = "<group>";
		};
/* End PBXGroup section */

/* Begin PBXNativeTarget section */
		70FDB0A820301CA200A9C55A /* AqimAlsalat2 */ = {
			isa = PBXNativeTarget;
			buildConfigurationList = 70FDB0D120301CA200A9C55A /* Build configuration list for PBXNativeTarget "AqimAlsalat2" */;
			buildPhases = (
				D1A7E00C72DD46CC6879A60E /* [CP] Check Pods Manifest.lock */,
				70FDB0A520301CA200A9C55A /* Sources */,
				70FDB0A620301CA200A9C55A /* Frameworks */,
				70FDB0A720301CA200A9C55A /* Resources */,
				2A0ABDA8EF2A9270D4135CD9 /* [CP] Embed Pods Frameworks */,
				9DC280FEF3C0587A7247DA8D /* [CP] Copy Pods Resources */,
			);
			buildRules = (
			);
			dependencies = (
			);
			name = AqimAlsalat2;
			productName = AqimAlsalat2;
			productReference = 70FDB0A920301CA200A9C55A /* AqimAlsalat2.app */;
			productType = "com.apple.product-type.application";
		};
		70FDB0BC20301CA200A9C55A /* AqimAlsalat2Tests */ = {
			isa = PBXNativeTarget;
			buildConfigurationList = 70FDB0D420301CA200A9C55A /* Build configuration list for PBXNativeTarget "AqimAlsalat2Tests" */;
			buildPhases = (
				0D94F0B822757AA23C64C6B1 /* [CP] Check Pods Manifest.lock */,
				70FDB0B920301CA200A9C55A /* Sources */,
				70FDB0BA20301CA200A9C55A /* Frameworks */,
				70FDB0BB20301CA200A9C55A /* Resources */,
				80D3CD6881F9B9A6B38C471D /* [CP] Embed Pods Frameworks */,
				A8B790E65CFD6C0CCE16184D /* [CP] Copy Pods Resources */,
			);
			buildRules = (
			);
			dependencies = (
				70FDB0BF20301CA200A9C55A /* PBXTargetDependency */,
			);
			name = AqimAlsalat2Tests;
			productName = AqimAlsalat2Tests;
			productReference = 70FDB0BD20301CA200A9C55A /* AqimAlsalat2Tests.xctest */;
			productType = "com.apple.product-type.bundle.unit-test";
		};
		70FDB0C720301CA200A9C55A /* AqimAlsalat2UITests */ = {
			isa = PBXNativeTarget;
			buildConfigurationList = 70FDB0D720301CA200A9C55A /* Build configuration list for PBXNativeTarget "AqimAlsalat2UITests" */;
			buildPhases = (
				EFA50460D4CDB68490DC38C0 /* [CP] Check Pods Manifest.lock */,
				70FDB0C420301CA200A9C55A /* Sources */,
				70FDB0C520301CA200A9C55A /* Frameworks */,
				70FDB0C620301CA200A9C55A /* Resources */,
				A08E2513B7439D8F100BC8ED /* [CP] Embed Pods Frameworks */,
				837CD40C985C366752D5BEF9 /* [CP] Copy Pods Resources */,
			);
			buildRules = (
			);
			dependencies = (
				70FDB0CA20301CA200A9C55A /* PBXTargetDependency */,
			);
			name = AqimAlsalat2UITests;
			productName = AqimAlsalat2UITests;
			productReference = 70FDB0C820301CA200A9C55A /* AqimAlsalat2UITests.xctest */;
			productType = "com.apple.product-type.bundle.ui-testing";
		};
/* End PBXNativeTarget section */

/* Begin PBXProject section */
		70FDB0A120301CA200A9C55A /* Project object */ = {
			isa = PBXProject;
			attributes = {
				LastSwiftUpdateCheck = 0920;
				LastUpgradeCheck = 0920;
				ORGANIZATIONNAME = "ساره عبدالله";
				TargetAttributes = {
					70FDB0A820301CA200A9C55A = {
						CreatedOnToolsVersion = 9.2;
						ProvisioningStyle = Automatic;
					};
					70FDB0BC20301CA200A9C55A = {
						CreatedOnToolsVersion = 9.2;
						ProvisioningStyle = Automatic;
						TestTargetID = 70FDB0A820301CA200A9C55A;
					};
					70FDB0C720301CA200A9C55A = {
						CreatedOnToolsVersion = 9.2;
						ProvisioningStyle = Automatic;
						TestTargetID = 70FDB0A820301CA200A9C55A;
					};
				};
			};
			buildConfigurationList = 70FDB0A420301CA200A9C55A /* Build configuration list for PBXProject "AqimAlsalat2" */;
			compatibilityVersion = "Xcode 8.0";
			developmentRegion = en;
			hasScannedForEncodings = 0;
			knownRegions = (
				en,
				Base,
			);
			mainGroup = 70FDB0A020301CA200A9C55A;
			productRefGroup = 70FDB0AA20301CA200A9C55A /* Products */;
			projectDirPath = "";
			projectRoot = "";
			targets = (
				70FDB0A820301CA200A9C55A /* AqimAlsalat2 */,
				70FDB0BC20301CA200A9C55A /* AqimAlsalat2Tests */,
				70FDB0C720301CA200A9C55A /* AqimAlsalat2UITests */,
			);
		};
/* End PBXProject section */

/* Begin PBXResourcesBuildPhase section */
		70FDB0A720301CA200A9C55A /* Resources */ = {
			isa = PBXResourcesBuildPhase;
			buildActionMask = 2147483647;
			files = (
				70FDB0B720301CA200A9C55A /* LaunchScreen.storyboard in Resources */,
				70FDB0B420301CA200A9C55A /* Assets.xcassets in Resources */,
				70FDB0B220301CA200A9C55A /* Main.storyboard in Resources */,
			);
			runOnlyForDeploymentPostprocessing = 0;
		};
		70FDB0BB20301CA200A9C55A /* Resources */ = {
			isa = PBXResourcesBuildPhase;
			buildActionMask = 2147483647;
			files = (
			);
			runOnlyForDeploymentPostprocessing = 0;
		};
		70FDB0C620301CA200A9C55A /* Resources */ = {
			isa = PBXResourcesBuildPhase;
			buildActionMask = 2147483647;
			files = (
			);
			runOnlyForDeploymentPostprocessing = 0;
		};
/* End PBXResourcesBuildPhase section */

/* Begin PBXShellScriptBuildPhase section */
		0D94F0B822757AA23C64C6B1 /* [CP] Check Pods Manifest.lock */ = {
			isa = PBXShellScriptBuildPhase;
			buildActionMask = 2147483647;
			files = (
			);
			inputPaths = (
				"${PODS_PODFILE_DIR_PATH}/Podfile.lock",
				"${PODS_ROOT}/Manifest.lock",
			);
			name = "[CP] Check Pods Manifest.lock";
			outputPaths = (
				"$(DERIVED_FILE_DIR)/Pods-AqimAlsalat2Tests-checkManifestLockResult.txt",
			);
			runOnlyForDeploymentPostprocessing = 0;
			shellPath = /bin/sh;
			shellScript = "diff \"${PODS_PODFILE_DIR_PATH}/Podfile.lock\" \"${PODS_ROOT}/Manifest.lock\" > /dev/null\nif [ $? != 0 ] ; then\n    # print error to STDERR\n    echo \"error: The sandbox is not in sync with the Podfile.lock. Run 'pod install' or update your CocoaPods installation.\" >&2\n    exit 1\nfi\n# This output is used by Xcode 'outputs' to avoid re-running this script phase.\necho \"SUCCESS\" > \"${SCRIPT_OUTPUT_FILE_0}\"\n";
			showEnvVarsInLog = 0;
		};
		2A0ABDA8EF2A9270D4135CD9 /* [CP] Embed Pods Frameworks */ = {
			isa = PBXShellScriptBuildPhase;
			buildActionMask = 2147483647;
			files = (
			);
			inputPaths = (
			);
			name = "[CP] Embed Pods Frameworks";
			outputPaths = (
			);
			runOnlyForDeploymentPostprocessing = 0;
			shellPath = /bin/sh;
			shellScript = "\"${SRCROOT}/Pods/Target Support Files/Pods-AqimAlsalat2/Pods-AqimAlsalat2-frameworks.sh\"\n";
			showEnvVarsInLog = 0;
		};
		80D3CD6881F9B9A6B38C471D /* [CP] Embed Pods Frameworks */ = {
			isa = PBXShellScriptBuildPhase;
			buildActionMask = 2147483647;
			files = (
			);
			inputPaths = (
			);
			name = "[CP] Embed Pods Frameworks";
			outputPaths = (
			);
			runOnlyForDeploymentPostprocessing = 0;
			shellPath = /bin/sh;
			shellScript = "\"${SRCROOT}/Pods/Target Support Files/Pods-AqimAlsalat2Tests/Pods-AqimAlsalat2Tests-frameworks.sh\"\n";
			showEnvVarsInLog = 0;
		};
		837CD40C985C366752D5BEF9 /* [CP] Copy Pods Resources */ = {
			isa = PBXShellScriptBuildPhase;
			buildActionMask = 2147483647;
			files = (
			);
			inputPaths = (
			);
			name = "[CP] Copy Pods Resources";
			outputPaths = (
			);
			runOnlyForDeploymentPostprocessing = 0;
			shellPath = /bin/sh;
			shellScript = "\"${SRCROOT}/Pods/Target Support Files/Pods-AqimAlsalat2UITests/Pods-AqimAlsalat2UITests-resources.sh\"\n";
			showEnvVarsInLog = 0;
		};
		9DC280FEF3C0587A7247DA8D /* [CP] Copy Pods Resources */ = {
			isa = PBXShellScriptBuildPhase;
			buildActionMask = 2147483647;
			files = (
			);
			inputPaths = (
				"${SRCROOT}/Pods/Target Support Files/Pods-AqimAlsalat2/Pods-AqimAlsalat2-resources.sh",
				"${PODS_ROOT}/GoogleMaps/Maps/Frameworks/GoogleMaps.framework/Resources/GoogleMaps.bundle",
				"${PODS_ROOT}/GooglePlaces/Frameworks/GooglePlaces.framework/Resources/GooglePlaces.bundle",
			);
			name = "[CP] Copy Pods Resources";
			outputPaths = (
				"${TARGET_BUILD_DIR}/${UNLOCALIZED_RESOURCES_FOLDER_PATH}/GoogleMaps.bundle",
				"${TARGET_BUILD_DIR}/${UNLOCALIZED_RESOURCES_FOLDER_PATH}/GooglePlaces.bundle",
			);
			runOnlyForDeploymentPostprocessing = 0;
			shellPath = /bin/sh;
			shellScript = "\"${SRCROOT}/Pods/Target Support Files/Pods-AqimAlsalat2/Pods-AqimAlsalat2-resources.sh\"\n";
			showEnvVarsInLog = 0;
		};
		A08E2513B7439D8F100BC8ED /* [CP] Embed Pods Frameworks */ = {
			isa = PBXShellScriptBuildPhase;
			buildActionMask = 2147483647;
			files = (
			);
			inputPaths = (
			);
			name = "[CP] Embed Pods Frameworks";
			outputPaths = (
			);
			runOnlyForDeploymentPostprocessing = 0;
			shellPath = /bin/sh;
			shellScript = "\"${SRCROOT}/Pods/Target Support Files/Pods-AqimAlsalat2UITests/Pods-AqimAlsalat2UITests-frameworks.sh\"\n";
			showEnvVarsInLog = 0;
		};
		A8B790E65CFD6C0CCE16184D /* [CP] Copy Pods Resources */ = {
			isa = PBXShellScriptBuildPhase;
			buildActionMask = 2147483647;
			files = (
			);
			inputPaths = (
			);
			name = "[CP] Copy Pods Resources";
			outputPaths = (
			);
			runOnlyForDeploymentPostprocessing = 0;
			shellPath = /bin/sh;
			shellScript = "\"${SRCROOT}/Pods/Target Support Files/Pods-AqimAlsalat2Tests/Pods-AqimAlsalat2Tests-resources.sh\"\n";
			showEnvVarsInLog = 0;
		};
		D1A7E00C72DD46CC6879A60E /* [CP] Check Pods Manifest.lock */ = {
			isa = PBXShellScriptBuildPhase;
			buildActionMask = 2147483647;
			files = (
			);
			inputPaths = (
				"${PODS_PODFILE_DIR_PATH}/Podfile.lock",
				"${PODS_ROOT}/Manifest.lock",
			);
			name = "[CP] Check Pods Manifest.lock";
			outputPaths = (
				"$(DERIVED_FILE_DIR)/Pods-AqimAlsalat2-checkManifestLockResult.txt",
			);
			runOnlyForDeploymentPostprocessing = 0;
			shellPath = /bin/sh;
			shellScript = "diff \"${PODS_PODFILE_DIR_PATH}/Podfile.lock\" \"${PODS_ROOT}/Manifest.lock\" > /dev/null\nif [ $? != 0 ] ; then\n    # print error to STDERR\n    echo \"error: The sandbox is not in sync with the Podfile.lock. Run 'pod install' or update your CocoaPods installation.\" >&2\n    exit 1\nfi\n# This output is used by Xcode 'outputs' to avoid re-running this script phase.\necho \"SUCCESS\" > \"${SCRIPT_OUTPUT_FILE_0}\"\n";
			showEnvVarsInLog = 0;
		};
		EFA50460D4CDB68490DC38C0 /* [CP] Check Pods Manifest.lock */ = {
			isa = PBXShellScriptBuildPhase;
			buildActionMask = 2147483647;
			files = (
			);
			inputPaths = (
				"${PODS_PODFILE_DIR_PATH}/Podfile.lock",
				"${PODS_ROOT}/Manifest.lock",
			);
			name = "[CP] Check Pods Manifest.lock";
			outputPaths = (
				"$(DERIVED_FILE_DIR)/Pods-AqimAlsalat2UITests-checkManifestLockResult.txt",
			);
			runOnlyForDeploymentPostprocessing = 0;
			shellPath = /bin/sh;
			shellScript = "diff \"${PODS_PODFILE_DIR_PATH}/Podfile.lock\" \"${PODS_ROOT}/Manifest.lock\" > /dev/null\nif [ $? != 0 ] ; then\n    # print error to STDERR\n    echo \"error: The sandbox is not in sync with the Podfile.lock. Run 'pod install' or update your CocoaPods installation.\" >&2\n    exit 1\nfi\n# This output is used by Xcode 'outputs' to avoid re-running this script phase.\necho \"SUCCESS\" > \"${SCRIPT_OUTPUT_FILE_0}\"\n";
			showEnvVarsInLog = 0;
		};
/* End PBXShellScriptBuildPhase section */

/* Begin PBXSourcesBuildPhase section */
		70FDB0A520301CA200A9C55A /* Sources */ = {
			isa = PBXSourcesBuildPhase;
			buildActionMask = 2147483647;
			files = (
				70FDB0AF20301CA200A9C55A /* ViewController.swift in Sources */,
				70FDB0AD20301CA200A9C55A /* AppDelegate.swift in Sources */,
			);
			runOnlyForDeploymentPostprocessing = 0;
		};
		70FDB0B920301CA200A9C55A /* Sources */ = {
			isa = PBXSourcesBuildPhase;
			buildActionMask = 2147483647;
			files = (
				70FDB0C220301CA200A9C55A /* AqimAlsalat2Tests.swift in Sources */,
			);
			runOnlyForDeploymentPostprocessing = 0;
		};
		70FDB0C420301CA200A9C55A /* Sources */ = {
			isa = PBXSourcesBuildPhase;
			buildActionMask = 2147483647;
			files = (
				70FDB0CD20301CA200A9C55A /* AqimAlsalat2UITests.swift in Sources */,
			);
			runOnlyForDeploymentPostprocessing = 0;
		};
/* End PBXSourcesBuildPhase section */

/* Begin PBXTargetDependency section */
		70FDB0BF20301CA200A9C55A /* PBXTargetDependency */ = {
			isa = PBXTargetDependency;
			target = 70FDB0A820301CA200A9C55A /* AqimAlsalat2 */;
			targetProxy = 70FDB0BE20301CA200A9C55A /* PBXContainerItemProxy */;
		};
		70FDB0CA20301CA200A9C55A /* PBXTargetDependency */ = {
			isa = PBXTargetDependency;
			target = 70FDB0A820301CA200A9C55A /* AqimAlsalat2 */;
			targetProxy = 70FDB0C920301CA200A9C55A /* PBXContainerItemProxy */;
		};
/* End PBXTargetDependency section */

/* Begin PBXVariantGroup section */
		70FDB0B020301CA200A9C55A /* Main.storyboard */ = {
			isa = PBXVariantGroup;
			children = (
				70FDB0B120301CA200A9C55A /* Base */,
			);
			name = Main.storyboard;
			sourceTree = "<group>";
		};
		70FDB0B520301CA200A9C55A /* LaunchScreen.storyboard */ = {
			isa = PBXVariantGroup;
			children = (
				70FDB0B620301CA200A9C55A /* Base */,
			);
			name = LaunchScreen.storyboard;
			sourceTree = "<group>";
		};
/* End PBXVariantGroup section */

/* Begin XCBuildConfiguration section */
		70FDB0CF20301CA200A9C55A /* Debug */ = {
			isa = XCBuildConfiguration;
			buildSettings = {
				ALWAYS_SEARCH_USER_PATHS = NO;
				CLANG_ANALYZER_NONNULL = YES;
				CLANG_ANALYZER_NUMBER_OBJECT_CONVERSION = YES_AGGRESSIVE;
				CLANG_CXX_LANGUAGE_STANDARD = "gnu++14";
				CLANG_CXX_LIBRARY = "libc++";
				CLANG_ENABLE_MODULES = YES;
				CLANG_ENABLE_OBJC_ARC = YES;
				CLANG_WARN_BLOCK_CAPTURE_AUTORELEASING = YES;
				CLANG_WARN_BOOL_CONVERSION = YES;
				CLANG_WARN_COMMA = YES;
				CLANG_WARN_CONSTANT_CONVERSION = YES;
				CLANG_WARN_DIRECT_OBJC_ISA_USAGE = YES_ERROR;
				CLANG_WARN_DOCUMENTATION_COMMENTS = YES;
				CLANG_WARN_EMPTY_BODY = YES;
				CLANG_WARN_ENUM_CONVERSION = YES;
				CLANG_WARN_INFINITE_RECURSION = YES;
				CLANG_WARN_INT_CONVERSION = YES;
				CLANG_WARN_NON_LITERAL_NULL_CONVERSION = YES;
				CLANG_WARN_OBJC_LITERAL_CONVERSION = YES;
				CLANG_WARN_OBJC_ROOT_CLASS = YES_ERROR;
				CLANG_WARN_RANGE_LOOP_ANALYSIS = YES;
				CLANG_WARN_STRICT_PROTOTYPES = YES;
				CLANG_WARN_SUSPICIOUS_MOVE = YES;
				CLANG_WARN_UNGUARDED_AVAILABILITY = YES_AGGRESSIVE;
				CLANG_WARN_UNREACHABLE_CODE = YES;
				CLANG_WARN__DUPLICATE_METHOD_MATCH = YES;
				CODE_SIGN_IDENTITY = "iPhone Developer";
				COPY_PHASE_STRIP = NO;
				DEBUG_INFORMATION_FORMAT = dwarf;
				ENABLE_STRICT_OBJC_MSGSEND = YES;
				ENABLE_TESTABILITY = YES;
				GCC_C_LANGUAGE_STANDARD = gnu11;
				GCC_DYNAMIC_NO_PIC = NO;
				GCC_NO_COMMON_BLOCKS = YES;
				GCC_OPTIMIZATION_LEVEL = 0;
				GCC_PREPROCESSOR_DEFINITIONS = (
					"DEBUG=1",
					"$(inherited)",
				);
				GCC_WARN_64_TO_32_BIT_CONVERSION = YES;
				GCC_WARN_ABOUT_RETURN_TYPE = YES_ERROR;
				GCC_WARN_UNDECLARED_SELECTOR = YES;
				GCC_WARN_UNINITIALIZED_AUTOS = YES_AGGRESSIVE;
				GCC_WARN_UNUSED_FUNCTION = YES;
				GCC_WARN_UNUSED_VARIABLE = YES;
				IPHONEOS_DEPLOYMENT_TARGET = 11.2;
				MTL_ENABLE_DEBUG_INFO = YES;
				ONLY_ACTIVE_ARCH = YES;
				SDKROOT = iphoneos;
				SWIFT_ACTIVE_COMPILATION_CONDITIONS = DEBUG;
				SWIFT_OPTIMIZATION_LEVEL = "-Onone";
			};
			name = Debug;
		};
		70FDB0D020301CA200A9C55A /* Release */ = {
			isa = XCBuildConfiguration;
			buildSettings = {
				ALWAYS_SEARCH_USER_PATHS = NO;
				CLANG_ANALYZER_NONNULL = YES;
				CLANG_ANALYZER_NUMBER_OBJECT_CONVERSION = YES_AGGRESSIVE;
				CLANG_CXX_LANGUAGE_STANDARD = "gnu++14";
				CLANG_CXX_LIBRARY = "libc++";
				CLANG_ENABLE_MODULES = YES;
				CLANG_ENABLE_OBJC_ARC = YES;
				CLANG_WARN_BLOCK_CAPTURE_AUTORELEASING = YES;
				CLANG_WARN_BOOL_CONVERSION = YES;
				CLANG_WARN_COMMA = YES;
				CLANG_WARN_CONSTANT_CONVERSION = YES;
				CLANG_WARN_DIRECT_OBJC_ISA_USAGE = YES_ERROR;
				CLANG_WARN_DOCUMENTATION_COMMENTS = YES;
				CLANG_WARN_EMPTY_BODY = YES;
				CLANG_WARN_ENUM_CONVERSION = YES;
				CLANG_WARN_INFINITE_RECURSION = YES;
				CLANG_WARN_INT_CONVERSION = YES;
				CLANG_WARN_NON_LITERAL_NULL_CONVERSION = YES;
				CLANG_WARN_OBJC_LITERAL_CONVERSION = YES;
				CLANG_WARN_OBJC_ROOT_CLASS = YES_ERROR;
				CLANG_WARN_RANGE_LOOP_ANALYSIS = YES;
				CLANG_WARN_STRICT_PROTOTYPES = YES;
				CLANG_WARN_SUSPICIOUS_MOVE = YES;
				CLANG_WARN_UNGUARDED_AVAILABILITY = YES_AGGRESSIVE;
				CLANG_WARN_UNREACHABLE_CODE = YES;
				CLANG_WARN__DUPLICATE_METHOD_MATCH = YES;
				CODE_SIGN_IDENTITY = "iPhone Developer";
				COPY_PHASE_STRIP = NO;
				DEBUG_INFORMATION_FORMAT = "dwarf-with-dsym";
				ENABLE_NS_ASSERTIONS = NO;
				ENABLE_STRICT_OBJC_MSGSEND = YES;
				GCC_C_LANGUAGE_STANDARD = gnu11;
				GCC_NO_COMMON_BLOCKS = YES;
				GCC_WARN_64_TO_32_BIT_CONVERSION = YES;
				GCC_WARN_ABOUT_RETURN_TYPE = YES_ERROR;
				GCC_WARN_UNDECLARED_SELECTOR = YES;
				GCC_WARN_UNINITIALIZED_AUTOS = YES_AGGRESSIVE;
				GCC_WARN_UNUSED_FUNCTION = YES;
				GCC_WARN_UNUSED_VARIABLE = YES;
				IPHONEOS_DEPLOYMENT_TARGET = 11.2;
				MTL_ENABLE_DEBUG_INFO = NO;
				SDKROOT = iphoneos;
				SWIFT_OPTIMIZATION_LEVEL = "-Owholemodule";
				VALIDATE_PRODUCT = YES;
			};
			name = Release;
		};
		70FDB0D220301CA200A9C55A /* Debug */ = {
			isa = XCBuildConfiguration;
			baseConfigurationReference = E604A3A3296588061742A502 /* Pods-AqimAlsalat2.debug.xcconfig */;
			buildSettings = {
				ASSETCATALOG_COMPILER_APPICON_NAME = AppIcon;
				CODE_SIGN_STYLE = Automatic;
				INFOPLIST_FILE = AqimAlsalat2/Info.plist;
				LD_RUNPATH_SEARCH_PATHS = "$(inherited) @executable_path/Frameworks";
				PRODUCT_BUNDLE_IDENTIFIER = Sarah.AqimAlsalat2;
				PRODUCT_NAME = "$(TARGET_NAME)";
				SWIFT_VERSION = 4.0;
				TARGETED_DEVICE_FAMILY = "1,2";
			};
			name = Debug;
		};
		70FDB0D320301CA200A9C55A /* Release */ = {
			isa = XCBuildConfiguration;
			baseConfigurationReference = C7B8B026984C279A4A40F903 /* Pods-AqimAlsalat2.release.xcconfig */;
			buildSettings = {
				ASSETCATALOG_COMPILER_APPICON_NAME = AppIcon;
				CODE_SIGN_STYLE = Automatic;
				INFOPLIST_FILE = AqimAlsalat2/Info.plist;
				LD_RUNPATH_SEARCH_PATHS = "$(inherited) @executable_path/Frameworks";
				PRODUCT_BUNDLE_IDENTIFIER = Sarah.AqimAlsalat2;
				PRODUCT_NAME = "$(TARGET_NAME)";
				SWIFT_VERSION = 4.0;
				TARGETED_DEVICE_FAMILY = "1,2";
			};
			name = Release;
		};
		70FDB0D520301CA200A9C55A /* Debug */ = {
			isa = XCBuildConfiguration;
			baseConfigurationReference = 2399E5B29B8CF632CBF096E8 /* Pods-AqimAlsalat2Tests.debug.xcconfig */;
			buildSettings = {
				ALWAYS_EMBED_SWIFT_STANDARD_LIBRARIES = YES;
				BUNDLE_LOADER = "$(TEST_HOST)";
				CODE_SIGN_STYLE = Automatic;
				INFOPLIST_FILE = AqimAlsalat2Tests/Info.plist;
				LD_RUNPATH_SEARCH_PATHS = "$(inherited) @executable_path/Frameworks @loader_path/Frameworks";
				PRODUCT_BUNDLE_IDENTIFIER = Sarah.AqimAlsalat2Tests;
				PRODUCT_NAME = "$(TARGET_NAME)";
				SWIFT_VERSION = 4.0;
				TARGETED_DEVICE_FAMILY = "1,2";
				TEST_HOST = "$(BUILT_PRODUCTS_DIR)/AqimAlsalat2.app/AqimAlsalat2";
			};
			name = Debug;
		};
		70FDB0D620301CA200A9C55A /* Release */ = {
			isa = XCBuildConfiguration;
			baseConfigurationReference = 95DCB3763AB2EC9794E904E2 /* Pods-AqimAlsalat2Tests.release.xcconfig */;
			buildSettings = {
				ALWAYS_EMBED_SWIFT_STANDARD_LIBRARIES = YES;
				BUNDLE_LOADER = "$(TEST_HOST)";
				CODE_SIGN_STYLE = Automatic;
				INFOPLIST_FILE = AqimAlsalat2Tests/Info.plist;
				LD_RUNPATH_SEARCH_PATHS = "$(inherited) @executable_path/Frameworks @loader_path/Frameworks";
				PRODUCT_BUNDLE_IDENTIFIER = Sarah.AqimAlsalat2Tests;
				PRODUCT_NAME = "$(TARGET_NAME)";
				SWIFT_VERSION = 4.0;
				TARGETED_DEVICE_FAMILY = "1,2";
				TEST_HOST = "$(BUILT_PRODUCTS_DIR)/AqimAlsalat2.app/AqimAlsalat2";
			};
			name = Release;
		};
		70FDB0D820301CA200A9C55A /* Debug */ = {
			isa = XCBuildConfiguration;
			baseConfigurationReference = 9358EECC224A47F2060AB025 /* Pods-AqimAlsalat2UITests.debug.xcconfig */;
			buildSettings = {
				ALWAYS_EMBED_SWIFT_STANDARD_LIBRARIES = YES;
				CODE_SIGN_STYLE = Automatic;
				INFOPLIST_FILE = AqimAlsalat2UITests/Info.plist;
				LD_RUNPATH_SEARCH_PATHS = "$(inherited) @executable_path/Frameworks @loader_path/Frameworks";
				PRODUCT_BUNDLE_IDENTIFIER = Sarah.AqimAlsalat2UITests;
				PRODUCT_NAME = "$(TARGET_NAME)";
				SWIFT_VERSION = 4.0;
				TARGETED_DEVICE_FAMILY = "1,2";
				TEST_TARGET_NAME = AqimAlsalat2;
			};
			name = Debug;
		};
		70FDB0D920301CA200A9C55A /* Release */ = {
			isa = XCBuildConfiguration;
			baseConfigurationReference = 0A9D5E3284C28C9FA0CBBA68 /* Pods-AqimAlsalat2UITests.release.xcconfig */;
			buildSettings = {
				ALWAYS_EMBED_SWIFT_STANDARD_LIBRARIES = YES;
				CODE_SIGN_STYLE = Automatic;
				INFOPLIST_FILE = AqimAlsalat2UITests/Info.plist;
				LD_RUNPATH_SEARCH_PATHS = "$(inherited) @executable_path/Frameworks @loader_path/Frameworks";
				PRODUCT_BUNDLE_IDENTIFIER = Sarah.AqimAlsalat2UITests;
				PRODUCT_NAME = "$(TARGET_NAME)";
				SWIFT_VERSION = 4.0;
				TARGETED_DEVICE_FAMILY = "1,2";
				TEST_TARGET_NAME = AqimAlsalat2;
			};
			name = Release;
		};
/* End XCBuildConfiguration section */

/* Begin XCConfigurationList section */
		70FDB0A420301CA200A9C55A /* Build configuration list for PBXProject "AqimAlsalat2" */ = {
			isa = XCConfigurationList;
			buildConfigurations = (
				70FDB0CF20301CA200A9C55A /* Debug */,
				70FDB0D020301CA200A9C55A /* Release */,
			);
			defaultConfigurationIsVisible = 0;
			defaultConfigurationName = Release;
		};
		70FDB0D120301CA200A9C55A /* Build configuration list for PBXNativeTarget "AqimAlsalat2" */ = {
			isa = XCConfigurationList;
			buildConfigurations = (
				70FDB0D220301CA200A9C55A /* Debug */,
				70FDB0D320301CA200A9C55A /* Release */,
			);
			defaultConfigurationIsVisible = 0;
			defaultConfigurationName = Release;
		};
		70FDB0D420301CA200A9C55A /* Build configuration list for PBXNativeTarget "AqimAlsalat2Tests" */ = {
			isa = XCConfigurationList;
			buildConfigurations = (
				70FDB0D520301CA200A9C55A /* Debug */,
				70FDB0D620301CA200A9C55A /* Release */,
			);
			defaultConfigurationIsVisible = 0;
			defaultConfigurationName = Release;
		};
		70FDB0D720301CA200A9C55A /* Build configuration list for PBXNativeTarget "AqimAlsalat2UITests" */ = {
			isa = XCConfigurationList;
			buildConfigurations = (
				70FDB0D820301CA200A9C55A /* Debug */,
				70FDB0D920301CA200A9C55A /* Release */,
			);
			defaultConfigurationIsVisible = 0;
			defaultConfigurationName = Release;
		};
/* End XCConfigurationList section */
	};
	rootObject = 70FDB0A120301CA200A9C55A /* Project object */;
}
